
Microsoft Visual Studio Solution File, Format Version 12.00
# Visual Studio Version 17
VisualStudioVersion = 17.9.34723.18
MinimumVisualStudioVersion = 10.0.40219.1
Project("{FAE04EC0-301F-11D3-BF4B-00C04F79EFBC}") = "ControleDeContatos", "ControleDeContatos\ControleDeContatos.csproj", "{37E61F2F-1CC7-4F4F-ACD7-2377A17CD12F}"
EndProject
Global
	GlobalSection(SolutionConfigurationPlatforms) = preSolution
		Debug|Any CPU = Debug|Any CPU
		Release|Any CPU = Release|Any CPU
	EndGlobalSection
	GlobalSection(ProjectConfigurationPlatforms) = postSolution
		{37E61F2F-1CC7-4F4F-ACD7-2377A17CD12F}.Debug|Any CPU.ActiveCfg = Debug|Any CPU
		{37E61F2F-1CC7-4F4F-ACD7-2377A17CD12F}.Debug|Any CPU.Build.0 = Debug|Any CPU
		{37E61F2F-1CC7-4F4F-ACD7-2377A17CD12F}.Release|Any CPU.ActiveCfg = Release|Any CPU
		{37E61F2F-1CC7-4F4F-ACD7-2377A17CD12F}.Release|Any CPU.Build.0 = Release|Any CPU
	EndGlobalSection
	GlobalSection(SolutionProperties) = preSolution
		HideSolutionNode = FALSE
	EndGlobalSection
	GlobalSection(ExtensibilityGlobals) = postSolution
		SolutionGuid = {FEDF5D54-9212-4198-BDDF-CB58B90C09D7}
	EndGlobalSection
EndGlobal
